
Microsoft Visual Studio Solution File, Format Version 12.00
# Visual Studio Version 16
VisualStudioVersion = 16.0.31624.102
MinimumVisualStudioVersion = 10.0.40219.1
Project("{FAE04EC0-301F-11D3-BF4B-00C04F79EFBC}") = "TPA", "TPA.csproj", "{B0042AE0-DF76-498D-9326-E87AEACBB022}"
EndProject
Global
	GlobalSection(SolutionConfigurationPlatforms) = preSolution
		Debug|Any CPU = Debug|Any CPU
		Release|Any CPU = Release|Any CPU
	EndGlobalSection
	GlobalSection(ProjectConfigurationPlatforms) = postSolution
		{B0042AE0-DF76-498D-9326-E87AEACBB022}.Debug|Any CPU.ActiveCfg = Debug|Any CPU
		{B0042AE0-DF76-498D-9326-E87AEACBB022}.Debug|Any CPU.Build.0 = Debug|Any CPU
		{B0042AE0-DF76-498D-9326-E87AEACBB022}.Release|Any CPU.ActiveCfg = Release|Any CPU
		{B0042AE0-DF76-498D-9326-E87AEACBB022}.Release|Any CPU.Build.0 = Release|Any CPU
	EndGlobalSection
	GlobalSection(SolutionProperties) = preSolution
		HideSolutionNode = FALSE
	EndGlobalSection
	GlobalSection(ExtensibilityGlobals) = postSolution
		SolutionGuid = {ABCAB29F-38A0-4F93-8047-DB9E2B997DC8}
	EndGlobalSection
EndGlobal
