
Microsoft Visual Studio Solution File, Format Version 12.00
# Visual Studio 15
VisualStudioVersion = 15.0.27703.2042
MinimumVisualStudioVersion = 10.0.40219.1
Project("{FAE04EC0-301F-11D3-BF4B-00C04F79EFBC}") = "Atividade 3", "Atividade 3\Atividade 3.csproj", "{56EA4303-E058-4E90-9F0A-BA798D2B45B8}"
EndProject
Global
	GlobalSection(SolutionConfigurationPlatforms) = preSolution
		Debug|Any CPU = Debug|Any CPU
		Release|Any CPU = Release|Any CPU
	EndGlobalSection
	GlobalSection(ProjectConfigurationPlatforms) = postSolution
		{56EA4303-E058-4E90-9F0A-BA798D2B45B8}.Debug|Any CPU.ActiveCfg = Debug|Any CPU
		{56EA4303-E058-4E90-9F0A-BA798D2B45B8}.Debug|Any CPU.Build.0 = Debug|Any CPU
		{56EA4303-E058-4E90-9F0A-BA798D2B45B8}.Release|Any CPU.ActiveCfg = Release|Any CPU
		{56EA4303-E058-4E90-9F0A-BA798D2B45B8}.Release|Any CPU.Build.0 = Release|Any CPU
	EndGlobalSection
	GlobalSection(SolutionProperties) = preSolution
		HideSolutionNode = FALSE
	EndGlobalSection
	GlobalSection(ExtensibilityGlobals) = postSolution
		SolutionGuid = {1C2DDFFE-FA67-43B5-9FC1-4CB8A4A223BC}
	EndGlobalSection
EndGlobal
